{
    "version": 3,
    "terraform_version": "0.11.14",
    "serial": 46,
    "lineage": "881a41cd-8325-dbc1-b7e7-0febc333b68c",
    "modules": [
        {
            "path": [
                "root"
            ],
            "outputs": {},
            "resources": {
                "kubernetes_namespace.build": {
                    "type": "kubernetes_namespace",
                    "depends_on": [],
                    "primary": {
                        "id": "build",
                        "attributes": {
                            "id": "build",
                            "metadata.#": "1",
                            "metadata.0.annotations.%": "0",
                            "metadata.0.generate_name": "",
                            "metadata.0.generation": "0",
                            "metadata.0.labels.%": "0",
                            "metadata.0.name": "build",
                            "metadata.0.resource_version": "1926",
                            "metadata.0.self_link": "/api/v1/namespaces/build",
                            "metadata.0.uid": "d0709754-883c-44d2-abf4-6b93067d5168"
                        },
                        "meta": {
                            "e2bfb730-ecaa-11e6-8f88-34363bc7c4c0": {
                                "delete": 300000000000
                            }
                        },
                        "tainted": false
                    },
                    "deposed": [],
                    "provider": "provider.kubernetes"
                },
                "kubernetes_namespace.dev": {
                    "type": "kubernetes_namespace",
                    "depends_on": [],
                    "primary": {
                        "id": "dev",
                        "attributes": {
                            "id": "dev",
                            "metadata.#": "1",
                            "metadata.0.annotations.%": "0",
                            "metadata.0.generate_name": "",
                            "metadata.0.generation": "0",
                            "metadata.0.labels.%": "0",
                            "metadata.0.name": "dev",
                            "metadata.0.resource_version": "1925",
                            "metadata.0.self_link": "/api/v1/namespaces/dev",
                            "metadata.0.uid": "49851cf6-8bec-432f-9a41-c7a9092211f9"
                        },
                        "meta": {
                            "e2bfb730-ecaa-11e6-8f88-34363bc7c4c0": {
                                "delete": 300000000000
                            }
                        },
                        "tainted": false
                    },
                    "deposed": [],
                    "provider": "provider.kubernetes"
                },
                "kubernetes_namespace.test": {
                    "type": "kubernetes_namespace",
                    "depends_on": [],
                    "primary": {
                        "id": "test",
                        "attributes": {
                            "id": "test",
                            "metadata.#": "1",
                            "metadata.0.annotations.%": "0",
                            "metadata.0.generate_name": "",
                            "metadata.0.generation": "0",
                            "metadata.0.labels.%": "0",
                            "metadata.0.name": "test",
                            "metadata.0.resource_version": "1927",
                            "metadata.0.self_link": "/api/v1/namespaces/test",
                            "metadata.0.uid": "4cf3908e-7bd6-40a5-8a1b-ad7436806a61"
                        },
                        "meta": {
                            "e2bfb730-ecaa-11e6-8f88-34363bc7c4c0": {
                                "delete": 300000000000
                            }
                        },
                        "tainted": false
                    },
                    "deposed": [],
                    "provider": "provider.kubernetes"
                },
                "kubernetes_pod.jenkins": {
                    "type": "kubernetes_pod",
                    "depends_on": [
                        "kubernetes_namespace.build",
                        "kubernetes_service_account.jenkins"
                    ],
                    "primary": {
                        "id": "build/jenkins",
                        "attributes": {
                            "id": "build/jenkins",
                            "metadata.#": "1",
                            "metadata.0.annotations.%": "0",
                            "metadata.0.generate_name": "",
                            "metadata.0.generation": "0",
                            "metadata.0.labels.%": "1",
                            "metadata.0.labels.app": "jenkins",
                            "metadata.0.name": "jenkins",
                            "metadata.0.namespace": "build",
                            "metadata.0.resource_version": "23439",
                            "metadata.0.self_link": "/api/v1/namespaces/build/pods/jenkins",
                            "metadata.0.uid": "e37ffbb0-f17c-4cf9-b2a1-b59ba25f0a42",
                            "spec.#": "1",
                            "spec.0.active_deadline_seconds": "0",
                            "spec.0.affinity.#": "0",
                            "spec.0.automount_service_account_token": "true",
                            "spec.0.container.#": "1",
                            "spec.0.container.0.args.#": "0",
                            "spec.0.container.0.command.#": "0",
                            "spec.0.container.0.env.#": "0",
                            "spec.0.container.0.env_from.#": "0",
                            "spec.0.container.0.image": "mahmom/myjenkins:v1.1",
                            "spec.0.container.0.image_pull_policy": "IfNotPresent",
                            "spec.0.container.0.lifecycle.#": "0",
                            "spec.0.container.0.liveness_probe.#": "0",
                            "spec.0.container.0.name": "jenkins",
                            "spec.0.container.0.port.#": "0",
                            "spec.0.container.0.readiness_probe.#": "0",
                            "spec.0.container.0.resources.#": "1",
                            "spec.0.container.0.security_context.#": "0",
                            "spec.0.container.0.startup_probe.#": "0",
                            "spec.0.container.0.stdin": "false",
                            "spec.0.container.0.stdin_once": "false",
                            "spec.0.container.0.termination_message_path": "/dev/termination-log",
                            "spec.0.container.0.tty": "false",
                            "spec.0.container.0.volume_mount.#": "3",
                            "spec.0.container.0.volume_mount.0.mount_path": "/var/run/docker",
                            "spec.0.container.0.volume_mount.0.mount_propagation": "None",
                            "spec.0.container.0.volume_mount.0.name": "docker-sock",
                            "spec.0.container.0.volume_mount.0.read_only": "false",
                            "spec.0.container.0.volume_mount.0.sub_path": "",
                            "spec.0.container.0.volume_mount.1.mount_path": "/usr/local/bin/kubectl",
                            "spec.0.container.0.volume_mount.1.mount_propagation": "None",
                            "spec.0.container.0.volume_mount.1.name": "kubectl",
                            "spec.0.container.0.volume_mount.1.read_only": "false",
                            "spec.0.container.0.volume_mount.1.sub_path": "kubectl",
                            "spec.0.container.0.volume_mount.2.mount_path": "/var/run/secrets/kubernetes.io/serviceaccount",
                            "spec.0.container.0.volume_mount.2.mount_propagation": "",
                            "spec.0.container.0.volume_mount.2.name": "jenkins-token-sncvt",
                            "spec.0.container.0.volume_mount.2.read_only": "true",
                            "spec.0.container.0.volume_mount.2.sub_path": "",
                            "spec.0.container.0.working_dir": "",
                            "spec.0.dns_config.#": "0",
                            "spec.0.dns_policy": "ClusterFirst",
                            "spec.0.host_aliases.#": "0",
                            "spec.0.host_ipc": "false",
                            "spec.0.host_network": "false",
                            "spec.0.host_pid": "false",
                            "spec.0.hostname": "",
                            "spec.0.image_pull_secrets.#": "0",
                            "spec.0.init_container.#": "1",
                            "spec.0.init_container.0.args.#": "0",
                            "spec.0.init_container.0.command.#": "3",
                            "spec.0.init_container.0.command.0": "cp",
                            "spec.0.init_container.0.command.1": "/usr/local/bin/kubectl",
                            "spec.0.init_container.0.command.2": "/data/kubectl",
                            "spec.0.init_container.0.env.#": "0",
                            "spec.0.init_container.0.env_from.#": "0",
                            "spec.0.init_container.0.image": "allanlei/kubectl",
                            "spec.0.init_container.0.image_pull_policy": "Always",
                            "spec.0.init_container.0.lifecycle.#": "0",
                            "spec.0.init_container.0.liveness_probe.#": "0",
                            "spec.0.init_container.0.name": "install-kubectl",
                            "spec.0.init_container.0.port.#": "0",
                            "spec.0.init_container.0.readiness_probe.#": "0",
                            "spec.0.init_container.0.resources.#": "1",
                            "spec.0.init_container.0.security_context.#": "0",
                            "spec.0.init_container.0.startup_probe.#": "0",
                            "spec.0.init_container.0.stdin": "false",
                            "spec.0.init_container.0.stdin_once": "false",
                            "spec.0.init_container.0.termination_message_path": "/dev/termination-log",
                            "spec.0.init_container.0.tty": "false",
                            "spec.0.init_container.0.volume_mount.#": "2",
                            "spec.0.init_container.0.volume_mount.0.mount_path": "/data",
                            "spec.0.init_container.0.volume_mount.0.mount_propagation": "None",
                            "spec.0.init_container.0.volume_mount.0.name": "kubectl",
                            "spec.0.init_container.0.volume_mount.0.read_only": "false",
                            "spec.0.init_container.0.volume_mount.0.sub_path": "",
                            "spec.0.init_container.0.volume_mount.1.mount_path": "/var/run/secrets/kubernetes.io/serviceaccount",
                            "spec.0.init_container.0.volume_mount.1.mount_propagation": "",
                            "spec.0.init_container.0.volume_mount.1.name": "jenkins-token-sncvt",
                            "spec.0.init_container.0.volume_mount.1.read_only": "true",
                            "spec.0.init_container.0.volume_mount.1.sub_path": "",
                            "spec.0.init_container.0.working_dir": "",
                            "spec.0.node_name": "minikube",
                            "spec.0.node_selector.%": "0",
                            "spec.0.priority_class_name": "",
                            "spec.0.restart_policy": "Always",
                            "spec.0.security_context.#": "0",
                            "spec.0.service_account_name": "jenkins",
                            "spec.0.share_process_namespace": "false",
                            "spec.0.subdomain": "",
                            "spec.0.termination_grace_period_seconds": "30",
                            "spec.0.toleration.#": "0",
                            "spec.0.volume.#": "3",
                            "spec.0.volume.0.aws_elastic_block_store.#": "0",
                            "spec.0.volume.0.azure_disk.#": "0",
                            "spec.0.volume.0.azure_file.#": "0",
                            "spec.0.volume.0.ceph_fs.#": "0",
                            "spec.0.volume.0.cinder.#": "0",
                            "spec.0.volume.0.config_map.#": "0",
                            "spec.0.volume.0.downward_api.#": "0",
                            "spec.0.volume.0.empty_dir.#": "0",
                            "spec.0.volume.0.fc.#": "0",
                            "spec.0.volume.0.flex_volume.#": "0",
                            "spec.0.volume.0.flocker.#": "0",
                            "spec.0.volume.0.gce_persistent_disk.#": "0",
                            "spec.0.volume.0.git_repo.#": "0",
                            "spec.0.volume.0.glusterfs.#": "0",
                            "spec.0.volume.0.host_path.#": "1",
                            "spec.0.volume.0.host_path.0.path": "/var/run/docker",
                            "spec.0.volume.0.host_path.0.type": "",
                            "spec.0.volume.0.iscsi.#": "0",
                            "spec.0.volume.0.local.#": "0",
                            "spec.0.volume.0.name": "docker-sock",
                            "spec.0.volume.0.nfs.#": "0",
                            "spec.0.volume.0.persistent_volume_claim.#": "0",
                            "spec.0.volume.0.photon_persistent_disk.#": "0",
                            "spec.0.volume.0.quobyte.#": "0",
                            "spec.0.volume.0.rbd.#": "0",
                            "spec.0.volume.0.secret.#": "0",
                            "spec.0.volume.0.vsphere_volume.#": "0",
                            "spec.0.volume.1.aws_elastic_block_store.#": "0",
                            "spec.0.volume.1.azure_disk.#": "0",
                            "spec.0.volume.1.azure_file.#": "0",
                            "spec.0.volume.1.ceph_fs.#": "0",
                            "spec.0.volume.1.cinder.#": "0",
                            "spec.0.volume.1.config_map.#": "0",
                            "spec.0.volume.1.downward_api.#": "0",
                            "spec.0.volume.1.empty_dir.#": "1",
                            "spec.0.volume.1.empty_dir.0.medium": "",
                            "spec.0.volume.1.fc.#": "0",
                            "spec.0.volume.1.flex_volume.#": "0",
                            "spec.0.volume.1.flocker.#": "0",
                            "spec.0.volume.1.gce_persistent_disk.#": "0",
                            "spec.0.volume.1.git_repo.#": "0",
                            "spec.0.volume.1.glusterfs.#": "0",
                            "spec.0.volume.1.host_path.#": "0",
                            "spec.0.volume.1.iscsi.#": "0",
                            "spec.0.volume.1.local.#": "0",
                            "spec.0.volume.1.name": "kubectl",
                            "spec.0.volume.1.nfs.#": "0",
                            "spec.0.volume.1.persistent_volume_claim.#": "0",
                            "spec.0.volume.1.photon_persistent_disk.#": "0",
                            "spec.0.volume.1.quobyte.#": "0",
                            "spec.0.volume.1.rbd.#": "0",
                            "spec.0.volume.1.secret.#": "0",
                            "spec.0.volume.1.vsphere_volume.#": "0",
                            "spec.0.volume.2.aws_elastic_block_store.#": "0",
                            "spec.0.volume.2.azure_disk.#": "0",
                            "spec.0.volume.2.azure_file.#": "0",
                            "spec.0.volume.2.ceph_fs.#": "0",
                            "spec.0.volume.2.cinder.#": "0",
                            "spec.0.volume.2.config_map.#": "0",
                            "spec.0.volume.2.downward_api.#": "0",
                            "spec.0.volume.2.empty_dir.#": "0",
                            "spec.0.volume.2.fc.#": "0",
                            "spec.0.volume.2.flex_volume.#": "0",
                            "spec.0.volume.2.flocker.#": "0",
                            "spec.0.volume.2.gce_persistent_disk.#": "0",
                            "spec.0.volume.2.git_repo.#": "0",
                            "spec.0.volume.2.glusterfs.#": "0",
                            "spec.0.volume.2.host_path.#": "0",
                            "spec.0.volume.2.iscsi.#": "0",
                            "spec.0.volume.2.local.#": "0",
                            "spec.0.volume.2.name": "jenkins-token-sncvt",
                            "spec.0.volume.2.nfs.#": "0",
                            "spec.0.volume.2.persistent_volume_claim.#": "0",
                            "spec.0.volume.2.photon_persistent_disk.#": "0",
                            "spec.0.volume.2.quobyte.#": "0",
                            "spec.0.volume.2.rbd.#": "0",
                            "spec.0.volume.2.secret.#": "1",
                            "spec.0.volume.2.secret.0.default_mode": "0644",
                            "spec.0.volume.2.secret.0.items.#": "0",
                            "spec.0.volume.2.secret.0.optional": "false",
                            "spec.0.volume.2.secret.0.secret_name": "jenkins-token-sncvt",
                            "spec.0.volume.2.vsphere_volume.#": "0"
                        },
                        "meta": {
                            "e2bfb730-ecaa-11e6-8f88-34363bc7c4c0": {
                                "create": 300000000000,
                                "delete": 300000000000
                            }
                        },
                        "tainted": false
                    },
                    "deposed": [],
                    "provider": "provider.kubernetes"
                },
                "kubernetes_pod.mysql_dev": {
                    "type": "kubernetes_pod",
                    "depends_on": [
                        "kubernetes_namespace.dev"
                    ],
                    "primary": {
                        "id": "dev/mysql",
                        "attributes": {
                            "id": "dev/mysql",
                            "metadata.#": "1",
                            "metadata.0.annotations.%": "0",
                            "metadata.0.generate_name": "",
                            "metadata.0.generation": "0",
                            "metadata.0.labels.%": "1",
                            "metadata.0.labels.app": "mysql",
                            "metadata.0.name": "mysql",
                            "metadata.0.namespace": "dev",
                            "metadata.0.resource_version": "18629",
                            "metadata.0.self_link": "/api/v1/namespaces/dev/pods/mysql",
                            "metadata.0.uid": "0825de0c-213c-41ad-871b-30a952b83fec",
                            "spec.#": "1",
                            "spec.0.active_deadline_seconds": "0",
                            "spec.0.affinity.#": "0",
                            "spec.0.automount_service_account_token": "false",
                            "spec.0.container.#": "1",
                            "spec.0.container.0.args.#": "0",
                            "spec.0.container.0.command.#": "0",
                            "spec.0.container.0.env.#": "0",
                            "spec.0.container.0.env_from.#": "0",
                            "spec.0.container.0.image": "mahmom/mysql:v1.2",
                            "spec.0.container.0.image_pull_policy": "IfNotPresent",
                            "spec.0.container.0.lifecycle.#": "0",
                            "spec.0.container.0.liveness_probe.#": "0",
                            "spec.0.container.0.name": "mysql",
                            "spec.0.container.0.port.#": "0",
                            "spec.0.container.0.readiness_probe.#": "0",
                            "spec.0.container.0.resources.#": "1",
                            "spec.0.container.0.security_context.#": "0",
                            "spec.0.container.0.startup_probe.#": "0",
                            "spec.0.container.0.stdin": "false",
                            "spec.0.container.0.stdin_once": "false",
                            "spec.0.container.0.termination_message_path": "/dev/termination-log",
                            "spec.0.container.0.tty": "false",
                            "spec.0.container.0.volume_mount.#": "0",
                            "spec.0.container.0.working_dir": "",
                            "spec.0.dns_config.#": "0",
                            "spec.0.dns_policy": "ClusterFirst",
                            "spec.0.host_aliases.#": "0",
                            "spec.0.host_ipc": "false",
                            "spec.0.host_network": "false",
                            "spec.0.host_pid": "false",
                            "spec.0.hostname": "",
                            "spec.0.image_pull_secrets.#": "0",
                            "spec.0.init_container.#": "0",
                            "spec.0.node_name": "minikube",
                            "spec.0.node_selector.%": "0",
                            "spec.0.priority_class_name": "",
                            "spec.0.restart_policy": "Always",
                            "spec.0.security_context.#": "0",
                            "spec.0.service_account_name": "default",
                            "spec.0.share_process_namespace": "false",
                            "spec.0.subdomain": "",
                            "spec.0.termination_grace_period_seconds": "30",
                            "spec.0.toleration.#": "0",
                            "spec.0.volume.#": "0"
                        },
                        "meta": {
                            "e2bfb730-ecaa-11e6-8f88-34363bc7c4c0": {
                                "create": 300000000000,
                                "delete": 300000000000
                            }
                        },
                        "tainted": false
                    },
                    "deposed": [],
                    "provider": "provider.kubernetes"
                },
                "kubernetes_pod.mysql_test": {
                    "type": "kubernetes_pod",
                    "depends_on": [
                        "kubernetes_namespace.test"
                    ],
                    "primary": {
                        "id": "test/mysql",
                        "attributes": {
                            "id": "test/mysql",
                            "metadata.#": "1",
                            "metadata.0.annotations.%": "0",
                            "metadata.0.generate_name": "",
                            "metadata.0.generation": "0",
                            "metadata.0.labels.%": "1",
                            "metadata.0.labels.app": "mysql",
                            "metadata.0.name": "mysql",
                            "metadata.0.namespace": "test",
                            "metadata.0.resource_version": "18620",
                            "metadata.0.self_link": "/api/v1/namespaces/test/pods/mysql",
                            "metadata.0.uid": "a19ed018-f4f2-412d-b85c-61390f87f83a",
                            "spec.#": "1",
                            "spec.0.active_deadline_seconds": "0",
                            "spec.0.affinity.#": "0",
                            "spec.0.automount_service_account_token": "false",
                            "spec.0.container.#": "1",
                            "spec.0.container.0.args.#": "0",
                            "spec.0.container.0.command.#": "0",
                            "spec.0.container.0.env.#": "0",
                            "spec.0.container.0.env_from.#": "0",
                            "spec.0.container.0.image": "mahmom/mysql:v1.2",
                            "spec.0.container.0.image_pull_policy": "IfNotPresent",
                            "spec.0.container.0.lifecycle.#": "0",
                            "spec.0.container.0.liveness_probe.#": "0",
                            "spec.0.container.0.name": "mysql",
                            "spec.0.container.0.port.#": "0",
                            "spec.0.container.0.readiness_probe.#": "0",
                            "spec.0.container.0.resources.#": "1",
                            "spec.0.container.0.security_context.#": "0",
                            "spec.0.container.0.startup_probe.#": "0",
                            "spec.0.container.0.stdin": "false",
                            "spec.0.container.0.stdin_once": "false",
                            "spec.0.container.0.termination_message_path": "/dev/termination-log",
                            "spec.0.container.0.tty": "false",
                            "spec.0.container.0.volume_mount.#": "0",
                            "spec.0.container.0.working_dir": "",
                            "spec.0.dns_config.#": "0",
                            "spec.0.dns_policy": "ClusterFirst",
                            "spec.0.host_aliases.#": "0",
                            "spec.0.host_ipc": "false",
                            "spec.0.host_network": "false",
                            "spec.0.host_pid": "false",
                            "spec.0.hostname": "",
                            "spec.0.image_pull_secrets.#": "0",
                            "spec.0.init_container.#": "0",
                            "spec.0.node_name": "minikube",
                            "spec.0.node_selector.%": "0",
                            "spec.0.priority_class_name": "",
                            "spec.0.restart_policy": "Always",
                            "spec.0.security_context.#": "0",
                            "spec.0.service_account_name": "default",
                            "spec.0.share_process_namespace": "false",
                            "spec.0.subdomain": "",
                            "spec.0.termination_grace_period_seconds": "30",
                            "spec.0.toleration.#": "0",
                            "spec.0.volume.#": "0"
                        },
                        "meta": {
                            "e2bfb730-ecaa-11e6-8f88-34363bc7c4c0": {
                                "create": 300000000000,
                                "delete": 300000000000
                            }
                        },
                        "tainted": false
                    },
                    "deposed": [],
                    "provider": "provider.kubernetes"
                },
                "kubernetes_pod.nexus": {
                    "type": "kubernetes_pod",
                    "depends_on": [
                        "kubernetes_namespace.build"
                    ],
                    "primary": {
                        "id": "build/nexus",
                        "attributes": {
                            "id": "build/nexus",
                            "metadata.#": "1",
                            "metadata.0.annotations.%": "0",
                            "metadata.0.generate_name": "",
                            "metadata.0.generation": "0",
                            "metadata.0.labels.%": "1",
                            "metadata.0.labels.app": "nexus",
                            "metadata.0.name": "nexus",
                            "metadata.0.namespace": "build",
                            "metadata.0.resource_version": "18647",
                            "metadata.0.self_link": "/api/v1/namespaces/build/pods/nexus",
                            "metadata.0.uid": "e17e4494-2caf-4504-9d04-ae53f28daa72",
                            "spec.#": "1",
                            "spec.0.active_deadline_seconds": "0",
                            "spec.0.affinity.#": "0",
                            "spec.0.automount_service_account_token": "false",
                            "spec.0.container.#": "1",
                            "spec.0.container.0.args.#": "0",
                            "spec.0.container.0.command.#": "0",
                            "spec.0.container.0.env.#": "0",
                            "spec.0.container.0.env_from.#": "0",
                            "spec.0.container.0.image": "sonatype/nexus3:latest",
                            "spec.0.container.0.image_pull_policy": "Always",
                            "spec.0.container.0.lifecycle.#": "0",
                            "spec.0.container.0.liveness_probe.#": "0",
                            "spec.0.container.0.name": "nexus",
                            "spec.0.container.0.port.#": "0",
                            "spec.0.container.0.readiness_probe.#": "0",
                            "spec.0.container.0.resources.#": "1",
                            "spec.0.container.0.security_context.#": "0",
                            "spec.0.container.0.startup_probe.#": "0",
                            "spec.0.container.0.stdin": "false",
                            "spec.0.container.0.stdin_once": "false",
                            "spec.0.container.0.termination_message_path": "/dev/termination-log",
                            "spec.0.container.0.tty": "false",
                            "spec.0.container.0.volume_mount.#": "0",
                            "spec.0.container.0.working_dir": "",
                            "spec.0.dns_config.#": "0",
                            "spec.0.dns_policy": "ClusterFirst",
                            "spec.0.host_aliases.#": "0",
                            "spec.0.host_ipc": "false",
                            "spec.0.host_network": "false",
                            "spec.0.host_pid": "false",
                            "spec.0.hostname": "",
                            "spec.0.image_pull_secrets.#": "0",
                            "spec.0.init_container.#": "0",
                            "spec.0.node_name": "minikube",
                            "spec.0.node_selector.%": "0",
                            "spec.0.priority_class_name": "",
                            "spec.0.restart_policy": "Always",
                            "spec.0.security_context.#": "0",
                            "spec.0.service_account_name": "default",
                            "spec.0.share_process_namespace": "false",
                            "spec.0.subdomain": "",
                            "spec.0.termination_grace_period_seconds": "30",
                            "spec.0.toleration.#": "0",
                            "spec.0.volume.#": "0"
                        },
                        "meta": {
                            "e2bfb730-ecaa-11e6-8f88-34363bc7c4c0": {
                                "create": 300000000000,
                                "delete": 300000000000
                            }
                        },
                        "tainted": false
                    },
                    "deposed": [],
                    "provider": "provider.kubernetes"
                },
                "kubernetes_role_binding.jenkins": {
                    "type": "kubernetes_role_binding",
                    "depends_on": [
                        "kubernetes_service_account.jenkins"
                    ],
                    "primary": {
                        "id": "test/jenkins",
                        "attributes": {
                            "id": "test/jenkins",
                            "metadata.#": "1",
                            "metadata.0.annotations.%": "0",
                            "metadata.0.generation": "0",
                            "metadata.0.labels.%": "0",
                            "metadata.0.name": "jenkins",
                            "metadata.0.namespace": "test",
                            "metadata.0.resource_version": "23365",
                            "metadata.0.self_link": "/apis/rbac.authorization.k8s.io/v1/namespaces/test/rolebindings/jenkins",
                            "metadata.0.uid": "6cbfc8d5-c075-4ea5-8675-e1b49d7df01c",
                            "role_ref.#": "1",
                            "role_ref.0.api_group": "rbac.authorization.k8s.io",
                            "role_ref.0.kind": "ClusterRole",
                            "role_ref.0.name": "cluster-admin",
                            "subject.#": "1",
                            "subject.0.api_group": "",
                            "subject.0.kind": "ServiceAccount",
                            "subject.0.name": "jenkins",
                            "subject.0.namespace": "build"
                        },
                        "meta": {},
                        "tainted": false
                    },
                    "deposed": [],
                    "provider": "provider.kubernetes"
                },
                "kubernetes_role_binding.jenkins2": {
                    "type": "kubernetes_role_binding",
                    "depends_on": [
                        "kubernetes_service_account.jenkins"
                    ],
                    "primary": {
                        "id": "dev/jenkins",
                        "attributes": {
                            "id": "dev/jenkins",
                            "metadata.#": "1",
                            "metadata.0.annotations.%": "0",
                            "metadata.0.generation": "0",
                            "metadata.0.labels.%": "0",
                            "metadata.0.name": "jenkins",
                            "metadata.0.namespace": "dev",
                            "metadata.0.resource_version": "23360",
                            "metadata.0.self_link": "/apis/rbac.authorization.k8s.io/v1/namespaces/dev/rolebindings/jenkins",
                            "metadata.0.uid": "4e8b6447-d78b-4530-ba4f-a3c3a29cef19",
                            "role_ref.#": "1",
                            "role_ref.0.api_group": "rbac.authorization.k8s.io",
                            "role_ref.0.kind": "ClusterRole",
                            "role_ref.0.name": "cluster-admin",
                            "subject.#": "1",
                            "subject.0.api_group": "",
                            "subject.0.kind": "ServiceAccount",
                            "subject.0.name": "jenkins",
                            "subject.0.namespace": "build"
                        },
                        "meta": {},
                        "tainted": false
                    },
                    "deposed": [],
                    "provider": "provider.kubernetes"
                },
                "kubernetes_secret.example": {
                    "type": "kubernetes_secret",
                    "depends_on": [],
                    "primary": {
                        "id": "default/jenkins",
                        "attributes": {
                            "data.%": "0",
                            "id": "default/jenkins",
                            "metadata.#": "1",
                            "metadata.0.annotations.%": "0",
                            "metadata.0.generate_name": "",
                            "metadata.0.generation": "0",
                            "metadata.0.labels.%": "0",
                            "metadata.0.name": "jenkins",
                            "metadata.0.namespace": "default",
                            "metadata.0.resource_version": "13606",
                            "metadata.0.self_link": "/api/v1/namespaces/default/secrets/jenkins",
                            "metadata.0.uid": "1391f7ef-d053-4e1f-8af2-9080b06cfd15",
                            "type": "Opaque"
                        },
                        "meta": {},
                        "tainted": false
                    },
                    "deposed": [],
                    "provider": "provider.kubernetes"
                },
                "kubernetes_service.docker": {
                    "type": "kubernetes_service",
                    "depends_on": [
                        "kubernetes_pod.nexus"
                    ],
                    "primary": {
                        "id": "build/docker",
                        "attributes": {
                            "id": "build/docker",
                            "load_balancer_ingress.#": "0",
                            "metadata.#": "1",
                            "metadata.0.annotations.%": "0",
                            "metadata.0.generate_name": "",
                            "metadata.0.generation": "0",
                            "metadata.0.labels.%": "0",
                            "metadata.0.name": "docker",
                            "metadata.0.namespace": "build",
                            "metadata.0.resource_version": "2003",
                            "metadata.0.self_link": "/api/v1/namespaces/build/services/docker",
                            "metadata.0.uid": "2ec95cda-9944-49f0-8b37-bfced5facfcc",
                            "spec.#": "1",
                            "spec.0.cluster_ip": "10.105.40.161",
                            "spec.0.external_ips.#": "0",
                            "spec.0.external_name": "",
                            "spec.0.external_traffic_policy": "Cluster",
                            "spec.0.load_balancer_ip": "",
                            "spec.0.load_balancer_source_ranges.#": "0",
                            "spec.0.port.#": "1",
                            "spec.0.port.0.name": "",
                            "spec.0.port.0.node_port": "30004",
                            "spec.0.port.0.port": "8123",
                            "spec.0.port.0.protocol": "TCP",
                            "spec.0.port.0.target_port": "8123",
                            "spec.0.publish_not_ready_addresses": "false",
                            "spec.0.selector.%": "1",
                            "spec.0.selector.app": "nexus",
                            "spec.0.session_affinity": "None",
                            "spec.0.type": "NodePort"
                        },
                        "meta": {
                            "e2bfb730-ecaa-11e6-8f88-34363bc7c4c0": {
                                "create": 600000000000
                            }
                        },
                        "tainted": false
                    },
                    "deposed": [],
                    "provider": "provider.kubernetes"
                },
                "kubernetes_service.jenkins": {
                    "type": "kubernetes_service",
                    "depends_on": [
                        "kubernetes_pod.jenkins"
                    ],
                    "primary": {
                        "id": "build/jenkins",
                        "attributes": {
                            "id": "build/jenkins",
                            "load_balancer_ingress.#": "0",
                            "metadata.#": "1",
                            "metadata.0.annotations.%": "0",
                            "metadata.0.generate_name": "",
                            "metadata.0.generation": "0",
                            "metadata.0.labels.%": "0",
                            "metadata.0.name": "jenkins",
                            "metadata.0.namespace": "build",
                            "metadata.0.resource_version": "1983",
                            "metadata.0.self_link": "/api/v1/namespaces/build/services/jenkins",
                            "metadata.0.uid": "7fb31882-2125-4d3e-95b4-5f95138da451",
                            "spec.#": "1",
                            "spec.0.cluster_ip": "10.97.191.139",
                            "spec.0.external_ips.#": "0",
                            "spec.0.external_name": "",
                            "spec.0.external_traffic_policy": "Cluster",
                            "spec.0.load_balancer_ip": "",
                            "spec.0.load_balancer_source_ranges.#": "0",
                            "spec.0.port.#": "1",
                            "spec.0.port.0.name": "",
                            "spec.0.port.0.node_port": "30002",
                            "spec.0.port.0.port": "8080",
                            "spec.0.port.0.protocol": "TCP",
                            "spec.0.port.0.target_port": "8080",
                            "spec.0.publish_not_ready_addresses": "false",
                            "spec.0.selector.%": "1",
                            "spec.0.selector.app": "jenkins",
                            "spec.0.session_affinity": "None",
                            "spec.0.type": "NodePort"
                        },
                        "meta": {
                            "e2bfb730-ecaa-11e6-8f88-34363bc7c4c0": {
                                "create": 600000000000
                            }
                        },
                        "tainted": false
                    },
                    "deposed": [],
                    "provider": "provider.kubernetes"
                },
                "kubernetes_service.mysql_dev": {
                    "type": "kubernetes_service",
                    "depends_on": [
                        "kubernetes_pod.mysql_dev"
                    ],
                    "primary": {
                        "id": "dev/mysqldev",
                        "attributes": {
                            "id": "dev/mysqldev",
                            "load_balancer_ingress.#": "0",
                            "metadata.#": "1",
                            "metadata.0.annotations.%": "0",
                            "metadata.0.generate_name": "",
                            "metadata.0.generation": "0",
                            "metadata.0.labels.%": "0",
                            "metadata.0.name": "mysqldev",
                            "metadata.0.namespace": "dev",
                            "metadata.0.resource_version": "1986",
                            "metadata.0.self_link": "/api/v1/namespaces/dev/services/mysqldev",
                            "metadata.0.uid": "3ab24267-9705-4b39-b4ed-dc5823223a05",
                            "spec.#": "1",
                            "spec.0.cluster_ip": "10.109.42.181",
                            "spec.0.external_ips.#": "0",
                            "spec.0.external_name": "",
                            "spec.0.external_traffic_policy": "",
                            "spec.0.load_balancer_ip": "",
                            "spec.0.load_balancer_source_ranges.#": "0",
                            "spec.0.port.#": "1",
                            "spec.0.port.0.name": "",
                            "spec.0.port.0.node_port": "0",
                            "spec.0.port.0.port": "3306",
                            "spec.0.port.0.protocol": "TCP",
                            "spec.0.port.0.target_port": "3306",
                            "spec.0.publish_not_ready_addresses": "false",
                            "spec.0.selector.%": "1",
                            "spec.0.selector.app": "mysql",
                            "spec.0.session_affinity": "None",
                            "spec.0.type": "ClusterIP"
                        },
                        "meta": {
                            "e2bfb730-ecaa-11e6-8f88-34363bc7c4c0": {
                                "create": 600000000000
                            }
                        },
                        "tainted": false
                    },
                    "deposed": [],
                    "provider": "provider.kubernetes"
                },
                "kubernetes_service.mysql_test": {
                    "type": "kubernetes_service",
                    "depends_on": [
                        "kubernetes_pod.mysql_test"
                    ],
                    "primary": {
                        "id": "dev/mysqltest",
                        "attributes": {
                            "id": "dev/mysqltest",
                            "load_balancer_ingress.#": "0",
                            "metadata.#": "1",
                            "metadata.0.annotations.%": "0",
                            "metadata.0.generate_name": "",
                            "metadata.0.generation": "0",
                            "metadata.0.labels.%": "0",
                            "metadata.0.name": "mysqltest",
                            "metadata.0.namespace": "dev",
                            "metadata.0.resource_version": "1976",
                            "metadata.0.self_link": "/api/v1/namespaces/dev/services/mysqltest",
                            "metadata.0.uid": "337f65ff-3654-4af4-8712-f5cc3c255e58",
                            "spec.#": "1",
                            "spec.0.cluster_ip": "10.100.236.42",
                            "spec.0.external_ips.#": "0",
                            "spec.0.external_name": "",
                            "spec.0.external_traffic_policy": "",
                            "spec.0.load_balancer_ip": "",
                            "spec.0.load_balancer_source_ranges.#": "0",
                            "spec.0.port.#": "1",
                            "spec.0.port.0.name": "",
                            "spec.0.port.0.node_port": "0",
                            "spec.0.port.0.port": "3306",
                            "spec.0.port.0.protocol": "TCP",
                            "spec.0.port.0.target_port": "3306",
                            "spec.0.publish_not_ready_addresses": "false",
                            "spec.0.selector.%": "1",
                            "spec.0.selector.app": "mysql",
                            "spec.0.session_affinity": "None",
                            "spec.0.type": "ClusterIP"
                        },
                        "meta": {
                            "e2bfb730-ecaa-11e6-8f88-34363bc7c4c0": {
                                "create": 600000000000
                            }
                        },
                        "tainted": false
                    },
                    "deposed": [],
                    "provider": "provider.kubernetes"
                },
                "kubernetes_service.nexus": {
                    "type": "kubernetes_service",
                    "depends_on": [
                        "kubernetes_pod.nexus"
                    ],
                    "primary": {
                        "id": "build/nexus",
                        "attributes": {
                            "id": "build/nexus",
                            "load_balancer_ingress.#": "0",
                            "metadata.#": "1",
                            "metadata.0.annotations.%": "0",
                            "metadata.0.generate_name": "",
                            "metadata.0.generation": "0",
                            "metadata.0.labels.%": "0",
                            "metadata.0.name": "nexus",
                            "metadata.0.namespace": "build",
                            "metadata.0.resource_version": "1999",
                            "metadata.0.self_link": "/api/v1/namespaces/build/services/nexus",
                            "metadata.0.uid": "d1ad1b94-f64b-4886-9ab8-f863e9ca4bdd",
                            "spec.#": "1",
                            "spec.0.cluster_ip": "10.104.138.92",
                            "spec.0.external_ips.#": "0",
                            "spec.0.external_name": "",
                            "spec.0.external_traffic_policy": "Cluster",
                            "spec.0.load_balancer_ip": "",
                            "spec.0.load_balancer_source_ranges.#": "0",
                            "spec.0.port.#": "1",
                            "spec.0.port.0.name": "",
                            "spec.0.port.0.node_port": "30001",
                            "spec.0.port.0.port": "8081",
                            "spec.0.port.0.protocol": "TCP",
                            "spec.0.port.0.target_port": "8081",
                            "spec.0.publish_not_ready_addresses": "false",
                            "spec.0.selector.%": "1",
                            "spec.0.selector.app": "nexus",
                            "spec.0.session_affinity": "None",
                            "spec.0.type": "NodePort"
                        },
                        "meta": {
                            "e2bfb730-ecaa-11e6-8f88-34363bc7c4c0": {
                                "create": 600000000000
                            }
                        },
                        "tainted": false
                    },
                    "deposed": [],
                    "provider": "provider.kubernetes"
                },
                "kubernetes_service_account.jenkins": {
                    "type": "kubernetes_service_account",
                    "depends_on": [
                        "kubernetes_secret.example"
                    ],
                    "primary": {
                        "id": "build/jenkins",
                        "attributes": {
                            "automount_service_account_token": "false",
                            "default_secret_name": "jenkins-token-sncvt",
                            "id": "build/jenkins",
                            "image_pull_secret.#": "0",
                            "metadata.#": "1",
                            "metadata.0.annotations.%": "0",
                            "metadata.0.generate_name": "",
                            "metadata.0.generation": "0",
                            "metadata.0.labels.%": "0",
                            "metadata.0.name": "jenkins",
                            "metadata.0.namespace": "build",
                            "metadata.0.resource_version": "13680",
                            "metadata.0.self_link": "/api/v1/namespaces/build/serviceaccounts/jenkins",
                            "metadata.0.uid": "4dba68cc-6172-4bfc-a475-4b82bb0b7ecf",
                            "secret.#": "1",
                            "secret.2864743609.name": "jenkins"
                        },
                        "meta": {
                            "e2bfb730-ecaa-11e6-8f88-34363bc7c4c0": {
                                "create": 30000000000
                            }
                        },
                        "tainted": false
                    },
                    "deposed": [],
                    "provider": "provider.kubernetes"
                }
            },
            "depends_on": []
        }
    ]
}
